
Microsoft Visual Studio Solution File, Format Version 12.00
# Visual Studio Version 17
VisualStudioVersion = 17.9.34607.119
MinimumVisualStudioVersion = 10.0.40219.1
Project("{FAE04EC0-301F-11D3-BF4B-00C04F79EFBC}") = "WinFormsApp1", "WinFormsApp1.csproj", "{142971AB-5534-44C6-AF29-AE7EA997CDC8}"
EndProject
Global
	GlobalSection(SolutionConfigurationPlatforms) = preSolution
		Debug|Any CPU = Debug|Any CPU
		Release|Any CPU = Release|Any CPU
	EndGlobalSection
	GlobalSection(ProjectConfigurationPlatforms) = postSolution
		{142971AB-5534-44C6-AF29-AE7EA997CDC8}.Debug|Any CPU.ActiveCfg = Debug|Any CPU
		{142971AB-5534-44C6-AF29-AE7EA997CDC8}.Debug|Any CPU.Build.0 = Debug|Any CPU
		{142971AB-5534-44C6-AF29-AE7EA997CDC8}.Release|Any CPU.ActiveCfg = Release|Any CPU
		{142971AB-5534-44C6-AF29-AE7EA997CDC8}.Release|Any CPU.Build.0 = Release|Any CPU
	EndGlobalSection
	GlobalSection(SolutionProperties) = preSolution
		HideSolutionNode = FALSE
	EndGlobalSection
	GlobalSection(ExtensibilityGlobals) = postSolution
		SolutionGuid = {148BCA96-9AE9-4F29-9363-3C49ECAB50DB}
	EndGlobalSection
EndGlobal
